
Microsoft Visual Studio Solution File, Format Version 12.00
# Visual Studio Version 16
VisualStudioVersion = 16.0.30907.101
MinimumVisualStudioVersion = 10.0.40219.1
Project("{FAE04EC0-301F-11D3-BF4B-00C04F79EFBC}") = "ClassMetotDemo", "ClassMetotDemo\ClassMetotDemo.csproj", "{6743AA4D-E84B-46A0-9A04-A946FE84FCE1}"
EndProject
Global
	GlobalSection(SolutionConfigurationPlatforms) = preSolution
		Debug|Any CPU = Debug|Any CPU
		Release|Any CPU = Release|Any CPU
	EndGlobalSection
	GlobalSection(ProjectConfigurationPlatforms) = postSolution
		{6743AA4D-E84B-46A0-9A04-A946FE84FCE1}.Debug|Any CPU.ActiveCfg = Debug|Any CPU
		{6743AA4D-E84B-46A0-9A04-A946FE84FCE1}.Debug|Any CPU.Build.0 = Debug|Any CPU
		{6743AA4D-E84B-46A0-9A04-A946FE84FCE1}.Release|Any CPU.ActiveCfg = Release|Any CPU
		{6743AA4D-E84B-46A0-9A04-A946FE84FCE1}.Release|Any CPU.Build.0 = Release|Any CPU
	EndGlobalSection
	GlobalSection(SolutionProperties) = preSolution
		HideSolutionNode = FALSE
	EndGlobalSection
	GlobalSection(ExtensibilityGlobals) = postSolution
		SolutionGuid = {4A03A94A-34D3-4D26-A433-5B9CD6A05363}
	EndGlobalSection
EndGlobal
